#MicroXplorer Configuration settings - do not modify
ADC1.Channel-0\#ChannelRegularConversion=ADC_CHANNEL_0
ADC1.IPParameters=NbrOfConversionFlag,Channel-0\#ChannelRegularConversion,Rank-0\#ChannelRegularConversion,master,SamplingTime-0\#ChannelRegularConversion
ADC1.NbrOfConversionFlag=1
ADC1.Rank-0\#ChannelRegularConversion=1
ADC1.SamplingTime-0\#ChannelRegularConversion=ADC_SAMPLETIME_1CYCLE_5
ADC1.master=1
DAC.DAC_Trigger=DAC_TRIGGER_SOFTWARE
DAC.DAC_Trigger2=DAC_TRIGGER_SOFTWARE
DAC.IPParameters=DAC_Trigger2,DAC_Trigger
FREERTOS.IPParameters=Tasks01
FREERTOS.Tasks01=defaultTask,0,128,StartDefaultTask
File.Version=5
KeepUserPlacement=false
Mcu.Family=STM32F1
Mcu.IP0=ADC1
Mcu.IP1=DAC
Mcu.IP2=FREERTOS
Mcu.IP3=NVIC
Mcu.IP4=RCC
Mcu.IP5=SYS
Mcu.IP6=USART1
Mcu.IPNb=7
Mcu.Name=STM32F100R(8-B)Tx
Mcu.Package=LQFP64
Mcu.Pin0=PC0
Mcu.Pin1=PC1
Mcu.Pin10=PA6
Mcu.Pin11=PA7
Mcu.Pin12=PC8
Mcu.Pin13=PC9
Mcu.Pin14=PA9
Mcu.Pin15=PA10
Mcu.Pin16=PA12
Mcu.Pin17=PA13
Mcu.Pin18=PA14
Mcu.Pin19=PB6
Mcu.Pin2=PC2
Mcu.Pin20=PB7
Mcu.Pin21=PB8
Mcu.Pin22=PB9
Mcu.Pin23=VP_FREERTOS_VS_ENABLE
Mcu.Pin3=PC3
Mcu.Pin4=PA0-WKUP
Mcu.Pin5=PA1
Mcu.Pin6=PA2
Mcu.Pin7=PA3
Mcu.Pin8=PA4
Mcu.Pin9=PA5
Mcu.PinsNb=24
Mcu.UserName=STM32F100RBTx
MxCube.Version=4.8.0
MxDb.Version=DB.4.0.80
NVIC.PriorityGroup=NVIC_PRIORITYGROUP_4
NVIC.SysTick_IRQn=true\:0\:0\:false
PA0-WKUP.GPIOParameters=GPIO_Label,GPIO_Mode
PA0-WKUP.GPIO_Label=A_ADC
PA0-WKUP.GPIO_Mode=GPIO_MODE_ANALOG
PA0-WKUP.Locked=true
PA0-WKUP.Signal=ADCx_IN0
PA1.GPIOParameters=GPIO_Label,GPIO_Mode
PA1.GPIO_Label=B_ADC
PA1.GPIO_Mode=GPIO_MODE_ANALOG
PA1.Locked=true
PA1.Signal=ADCx_IN1
PA10.Mode=Asynchronous
PA10.Signal=USART1_RX
PA12.Mode=RTS_Only
PA12.Signal=USART1_RTS
PA13.Mode=Serial_Wire
PA13.Signal=SYS_JTMS-SWDIO
PA14.Mode=Serial_Wire
PA14.Signal=SYS_JTCK-SWCLK
PA2.GPIOParameters=GPIO_Label,GPIO_Mode
PA2.GPIO_Label=C_ADC
PA2.GPIO_Mode=GPIO_MODE_ANALOG
PA2.Locked=true
PA2.Signal=ADCx_IN2
PA3.GPIOParameters=GPIO_Label,GPIO_Mode
PA3.GPIO_Label=D_ADC
PA3.GPIO_Mode=GPIO_MODE_ANALOG
PA3.Locked=true
PA3.Signal=ADCx_IN3
PA4.Locked=true
PA4.Signal=COMP_DAC1_group
PA5.Locked=true
PA5.Signal=COMP_DAC2_group
PA6.GPIOParameters=GPIO_Speed,GPIO_Label,GPIO_ModeDefaultOutputPP
PA6.GPIO_Label=0_5mA_Output
PA6.GPIO_ModeDefaultOutputPP=GPIO_MODE_OUTPUT_PP
PA6.GPIO_Speed=GPIO_SPEED_LOW
PA6.Locked=true
PA6.Signal=GPIO_Output
PA7.GPIOParameters=GPIO_PuPd,GPIO_Label,GPIO_Mode
PA7.GPIO_Label=GS_OK_Input
PA7.GPIO_Mode=GPIO_MODE_INPUT
PA7.GPIO_PuPd=GPIO_NOPULL
PA7.Locked=true
PA7.Signal=GPIO_Input
PA9.Mode=Asynchronous
PA9.Signal=USART1_TX
PB6.GPIOParameters=GPIO_PuPd,GPIO_Label,GPIO_Mode
PB6.GPIO_Label=Din0
PB6.GPIO_Mode=GPIO_MODE_INPUT
PB6.GPIO_PuPd=GPIO_PULLDOWN
PB6.Locked=true
PB6.Signal=GPIO_Input
PB7.GPIOParameters=GPIO_PuPd,GPIO_Label,GPIO_Mode
PB7.GPIO_Label=Din1
PB7.GPIO_Mode=GPIO_MODE_INPUT
PB7.GPIO_PuPd=GPIO_PULLDOWN
PB7.Locked=true
PB7.Signal=GPIO_Input
PB8.GPIOParameters=GPIO_Speed,GPIO_Label,GPIO_ModeDefaultOutputPP
PB8.GPIO_Label=Dout0
PB8.GPIO_ModeDefaultOutputPP=GPIO_MODE_OUTPUT_PP
PB8.GPIO_Speed=GPIO_SPEED_LOW
PB8.Locked=true
PB8.Signal=GPIO_Output
PB9.GPIOParameters=GPIO_Speed,GPIO_Label,GPIO_ModeDefaultOutputPP
PB9.GPIO_Label=Dout1
PB9.GPIO_ModeDefaultOutputPP=GPIO_MODE_OUTPUT_PP
PB9.GPIO_Speed=GPIO_SPEED_LOW
PB9.Locked=true
PB9.Signal=GPIO_Output
PC0.GPIOParameters=GPIO_Speed,GPIO_Label,GPIO_ModeDefaultOutputPP
PC0.GPIO_Label=AX5_Output
PC0.GPIO_ModeDefaultOutputPP=GPIO_MODE_OUTPUT_PP
PC0.GPIO_Speed=GPIO_SPEED_LOW
PC0.Locked=true
PC0.Signal=GPIO_Output
PC1.GPIOParameters=GPIO_Speed,GPIO_Label,GPIO_ModeDefaultOutputPP
PC1.GPIO_Label=AX10_Output
PC1.GPIO_ModeDefaultOutputPP=GPIO_MODE_OUTPUT_PP
PC1.GPIO_Speed=GPIO_SPEED_LOW
PC1.Locked=true
PC1.Signal=GPIO_Output
PC2.GPIOParameters=GPIO_Speed,GPIO_Label,GPIO_ModeDefaultOutputPP
PC2.GPIO_Label=BX5_Output
PC2.GPIO_ModeDefaultOutputPP=GPIO_MODE_OUTPUT_PP
PC2.GPIO_Speed=GPIO_SPEED_LOW
PC2.Locked=true
PC2.Signal=GPIO_Output
PC3.GPIOParameters=GPIO_Speed,GPIO_Label,GPIO_ModeDefaultOutputPP
PC3.GPIO_Label=BX10_Output
PC3.GPIO_ModeDefaultOutputPP=GPIO_MODE_OUTPUT_PP
PC3.GPIO_Speed=GPIO_SPEED_LOW
PC3.Locked=true
PC3.Signal=GPIO_Output
PC8.GPIOParameters=GPIO_Speed,GPIO_Label,GPIO_ModeDefaultOutputPP
PC8.GPIO_Label=Run_LED
PC8.GPIO_ModeDefaultOutputPP=GPIO_MODE_OUTPUT_PP
PC8.GPIO_Speed=GPIO_SPEED_LOW
PC8.Locked=true
PC8.Signal=GPIO_Output
PC9.GPIOParameters=GPIO_Speed,GPIO_Label,GPIO_ModeDefaultOutputPP
PC9.GPIO_Label=Alarm_LED
PC9.GPIO_ModeDefaultOutputPP=GPIO_MODE_OUTPUT_PP
PC9.GPIO_Speed=GPIO_SPEED_LOW
PC9.Locked=true
PC9.Signal=GPIO_Output
PCC.Checker=false
PCC.Family=STM32F1
PCC.MCU=STM32F100R(8-B)Tx
PCC.MXVersion=4.8.0
PCC.PartNumber=STM32F100RBTx
PCC.Seq0=0
PCC.SubFamily=STM32F100 Value Line
PCC.Temperature=25
PCC.Vdd=3.3
ProjectManager.AskForMigrate=true
ProjectManager.BackupPrevious=false
ProjectManager.CompilerOptimize=2
ProjectManager.ComputerToolchain=false
ProjectManager.CoupleFile=false
ProjectManager.DeletePrevious=true
ProjectManager.DeviceId=STM32F100RBTx
ProjectManager.FirmwarePackage=STM32Cube FW_F1 V1.0.0
ProjectManager.FreePins=false
ProjectManager.HalAssertFull=false
ProjectManager.KeepUserCode=true
ProjectManager.LastFirmware=true
ProjectManager.LibraryCopy=1
ProjectManager.ProjectBuild=false
ProjectManager.ProjectFileName=hm4-fw-0.1.0.ioc
ProjectManager.ProjectName=hm4-fw-0.1.0
ProjectManager.TargetToolchain=TrueSTUDIO
ProjectManager.ToolChainLocation=
RCC.ADCFreqValue=12000000
RCC.AHBFreq_Value=24000000
RCC.APB1Freq_Value=24000000
RCC.APB1TimFreq_Value=24000000
RCC.APB2Freq_Value=24000000
RCC.APB2TimFreq_Value=24000000
RCC.FCLKCortexFreq_Value=24000000
RCC.FamilyName=M
RCC.HCLKFreq_Value=24000000
RCC.IPParameters=PLLMUL,APB1TimFreq_Value,FamilyName,PLLMCOFreq_Value,APB2Freq_Value,HCLKFreq_Value,FCLKCortexFreq_Value,AHBFreq_Value,ADCFreqValue,TimSysFreq_Value,SYSCLKFreq_VALUE,SYSCLKSource,MCOFreq_Value,APB1Freq_Value,PLLCLKFreq_Value,APB2TimFreq_Value
RCC.MCOFreq_Value=24000000
RCC.PLLCLKFreq_Value=24000000
RCC.PLLMCOFreq_Value=12000000
RCC.PLLMUL=RCC_PLL_MUL6
RCC.SYSCLKFreq_VALUE=24000000
RCC.SYSCLKSource=RCC_SYSCLKSOURCE_PLLCLK
RCC.TimSysFreq_Value=24000000
SH.ADCx_IN0.0=ADC1_IN0,IN0
SH.ADCx_IN0.ConfNb=1
SH.ADCx_IN1.0=ADC1_IN1,IN1
SH.ADCx_IN1.ConfNb=1
SH.ADCx_IN2.0=ADC1_IN2,IN2
SH.ADCx_IN2.ConfNb=1
SH.ADCx_IN3.0=ADC1_IN3,IN3
SH.ADCx_IN3.ConfNb=1
SH.COMP_DAC1_group.0=DAC_OUT1,DAC_OUT1
SH.COMP_DAC1_group.ConfNb=1
SH.COMP_DAC2_group.0=DAC_OUT2,DAC_OUT2
SH.COMP_DAC2_group.ConfNb=1
USART1.BaudRate=19200
USART1.IPParameters=BaudRate
VP_FREERTOS_VS_ENABLE.Mode=Enabled
VP_FREERTOS_VS_ENABLE.Signal=FREERTOS_VS_ENABLE
board=custom
